<?xml version="1.0" encoding="utf-8"?>
<Project ToolsVersion="4.0" xmlns="http://schemas.microsoft.com/developer/msbuild/2003">
  <ItemGroup>
    <Filter Include="Ai">
      <UniqueIdentifier>{d4e551f1-2ce2-44bd-be90-95094bb26e11}</UniqueIdentifier>
    </Filter>
    <Filter Include="Util">
      <UniqueIdentifier>{866cea93-f0c7-434a-a7f3-00bb84494119}</UniqueIdentifier>
    </Filter>
    <Filter Include="Data">
      <UniqueIdentifier>{8815228f-579b-4b04-b0ca-2c40ff541b5e}</UniqueIdentifier>
    </Filter>
  </ItemGroup>
  <ItemGroup>
    <ClInclude Include="src\Mlib\util.hpp">
      <Filter>Util</Filter>
    </ClInclude>
    <ClInclude Include="src\Mlib\ai.hpp">
      <Filter>Ai</Filter>
    </ClInclude>
    <ClInclude Include="src\Mlib\data.hpp">
      <Filter>Data</Filter>
    </ClInclude>
  </ItemGroup>
  <ItemGroup>
    <ClCompile Include="src\Mlib\Util\util.cpp">
      <Filter>Util</Filter>
    </ClCompile>
    <ClCompile Include="src\Mlib\Ai\ai.cpp">
      <Filter>Ai</Filter>
    </ClCompile>
    <ClCompile Include="src\Mlib\Ai\layer.cpp">
      <Filter>Ai</Filter>
    </ClCompile>
  </ItemGroup>
</Project>